// !$*UTF8*$!
{
	archiveVersion = 1;
	classes = {
	};
	objectVersion = 50;
	objects = {

/* Begin PBXBuildFile section */
		CF188433234E1C9800E1AFEF /* HTTPOperationTest.swift in Sources */ = {isa = PBXBuildFile; fileRef = CF188432234E1C9800E1AFEF /* HTTPOperationTest.swift */; };
		CF18843A234F10A500E1AFEF /* NetworkIndicator.swift in Sources */ = {isa = PBXBuildFile; fileRef = CF188436234F10A500E1AFEF /* NetworkIndicator.swift */; };
		CF18843B234F10A500E1AFEF /* ServerManager.swift in Sources */ = {isa = PBXBuildFile; fileRef = CF188437234F10A500E1AFEF /* ServerManager.swift */; };
		CF18843C234F10A500E1AFEF /* HTTPOperation.swift in Sources */ = {isa = PBXBuildFile; fileRef = CF188438234F10A500E1AFEF /* HTTPOperation.swift */; };
		CF18843F234F10C300E1AFEF /* ViewController.swift in Sources */ = {isa = PBXBuildFile; fileRef = CF18843D234F10C300E1AFEF /* ViewController.swift */; };
		CF188440234F10C300E1AFEF /* AppDelegate.swift in Sources */ = {isa = PBXBuildFile; fileRef = CF18843E234F10C300E1AFEF /* AppDelegate.swift */; };
		CF188442234F10F100E1AFEF /* City.swift in Sources */ = {isa = PBXBuildFile; fileRef = CF188441234F10F000E1AFEF /* City.swift */; };
		CF188448234F1F9000E1AFEF /* SerachResult.swift in Sources */ = {isa = PBXBuildFile; fileRef = CF188447234F1F9000E1AFEF /* SerachResult.swift */; };
		CF18844A234F2B7A00E1AFEF /* Bundle+StubData.swift in Sources */ = {isa = PBXBuildFile; fileRef = CF188449234F2B7A00E1AFEF /* Bundle+StubData.swift */; };
		CF188450234F2E9B00E1AFEF /* city.json in Resources */ = {isa = PBXBuildFile; fileRef = CF18844D234F2E9A00E1AFEF /* city.json */; };
		CF188451234F2E9B00E1AFEF /* cityList.json in Resources */ = {isa = PBXBuildFile; fileRef = CF18844E234F2E9B00E1AFEF /* cityList.json */; };
		CF188452234F2E9B00E1AFEF /* serachResults.json in Resources */ = {isa = PBXBuildFile; fileRef = CF18844F234F2E9B00E1AFEF /* serachResults.json */; };
		CF188454234F2EEB00E1AFEF /* city_no_name.json in Resources */ = {isa = PBXBuildFile; fileRef = CF188453234F2EEB00E1AFEF /* city_no_name.json */; };
		CF188456234F301200E1AFEF /* city_invalid.json in Resources */ = {isa = PBXBuildFile; fileRef = CF188455234F301200E1AFEF /* city_invalid.json */; };
		CF188458234F344600E1AFEF /* serachResults_empty.json in Resources */ = {isa = PBXBuildFile; fileRef = CF188457234F344600E1AFEF /* serachResults_empty.json */; };
		CF18845A234F363600E1AFEF /* city_only_name.json in Resources */ = {isa = PBXBuildFile; fileRef = CF188459234F363600E1AFEF /* city_only_name.json */; };
		CF18845C234F394800E1AFEF /* serachResults_none.json in Resources */ = {isa = PBXBuildFile; fileRef = CF18845B234F394800E1AFEF /* serachResults_none.json */; };
		CF458277234CD3C800F76327 /* Main.storyboard in Resources */ = {isa = PBXBuildFile; fileRef = CF458275234CD3C800F76327 /* Main.storyboard */; };
		CF458279234CD3CE00F76327 /* Assets.xcassets in Resources */ = {isa = PBXBuildFile; fileRef = CF458278234CD3CE00F76327 /* Assets.xcassets */; };
		CF45827C234CD3CE00F76327 /* LaunchScreen.storyboard in Resources */ = {isa = PBXBuildFile; fileRef = CF45827A234CD3CE00F76327 /* LaunchScreen.storyboard */; };
		CF458287234CD3CE00F76327 /* CityTests.swift in Sources */ = {isa = PBXBuildFile; fileRef = CF458286234CD3CE00F76327 /* CityTests.swift */; };
		CF458292234CD3CE00F76327 /* worldweatheronlineUITests.swift in Sources */ = {isa = PBXBuildFile; fileRef = CF458291234CD3CE00F76327 /* worldweatheronlineUITests.swift */; };
/* End PBXBuildFile section */

/* Begin PBXContainerItemProxy section */
		CF458283234CD3CE00F76327 /* PBXContainerItemProxy */ = {
			isa = PBXContainerItemProxy;
			containerPortal = CF458266234CD3C700F76327 /* Project object */;
			proxyType = 1;
			remoteGlobalIDString = CF45826D234CD3C700F76327;
			remoteInfo = worldweatheronline;
		};
		CF45828E234CD3CE00F76327 /* PBXContainerItemProxy */ = {
			isa = PBXContainerItemProxy;
			containerPortal = CF458266234CD3C700F76327 /* Project object */;
			proxyType = 1;
			remoteGlobalIDString = CF45826D234CD3C700F76327;
			remoteInfo = worldweatheronline;
		};
/* End PBXContainerItemProxy section */

/* Begin PBXFileReference section */
		CF188432234E1C9800E1AFEF /* HTTPOperationTest.swift */ = {isa = PBXFileReference; fileEncoding = 4; lastKnownFileType = sourcecode.swift; path = HTTPOperationTest.swift; sourceTree = "<group>"; };
		CF188436234F10A500E1AFEF /* NetworkIndicator.swift */ = {isa = PBXFileReference; fileEncoding = 4; lastKnownFileType = sourcecode.swift; path = NetworkIndicator.swift; sourceTree = "<group>"; };
		CF188437234F10A500E1AFEF /* ServerManager.swift */ = {isa = PBXFileReference; fileEncoding = 4; lastKnownFileType = sourcecode.swift; path = ServerManager.swift; sourceTree = "<group>"; };
		CF188438234F10A500E1AFEF /* HTTPOperation.swift */ = {isa = PBXFileReference; fileEncoding = 4; lastKnownFileType = sourcecode.swift; path = HTTPOperation.swift; sourceTree = "<group>"; };
		CF18843D234F10C300E1AFEF /* ViewController.swift */ = {isa = PBXFileReference; fileEncoding = 4; lastKnownFileType = sourcecode.swift; path = ViewController.swift; sourceTree = "<group>"; };
		CF18843E234F10C300E1AFEF /* AppDelegate.swift */ = {isa = PBXFileReference; fileEncoding = 4; lastKnownFileType = sourcecode.swift; path = AppDelegate.swift; sourceTree = "<group>"; };
		CF188441234F10F000E1AFEF /* City.swift */ = {isa = PBXFileReference; lastKnownFileType = sourcecode.swift; path = City.swift; sourceTree = "<group>"; };
		CF188447234F1F9000E1AFEF /* SerachResult.swift */ = {isa = PBXFileReference; lastKnownFileType = sourcecode.swift; path = SerachResult.swift; sourceTree = "<group>"; };
		CF188449234F2B7A00E1AFEF /* Bundle+StubData.swift */ = {isa = PBXFileReference; lastKnownFileType = sourcecode.swift; path = "Bundle+StubData.swift"; sourceTree = "<group>"; };
		CF18844D234F2E9A00E1AFEF /* city.json */ = {isa = PBXFileReference; fileEncoding = 4; lastKnownFileType = text.json; path = city.json; sourceTree = "<group>"; };
		CF18844E234F2E9B00E1AFEF /* cityList.json */ = {isa = PBXFileReference; fileEncoding = 4; lastKnownFileType = text.json; path = cityList.json; sourceTree = "<group>"; };
		CF18844F234F2E9B00E1AFEF /* serachResults.json */ = {isa = PBXFileReference; fileEncoding = 4; lastKnownFileType = text.json; path = serachResults.json; sourceTree = "<group>"; };
		CF188453234F2EEB00E1AFEF /* city_no_name.json */ = {isa = PBXFileReference; fileEncoding = 4; lastKnownFileType = text.json; path = city_no_name.json; sourceTree = "<group>"; };
		CF188455234F301200E1AFEF /* city_invalid.json */ = {isa = PBXFileReference; fileEncoding = 4; lastKnownFileType = text.json; path = city_invalid.json; sourceTree = "<group>"; };
		CF188457234F344600E1AFEF /* serachResults_empty.json */ = {isa = PBXFileReference; fileEncoding = 4; lastKnownFileType = text.json; path = serachResults_empty.json; sourceTree = "<group>"; };
		CF188459234F363600E1AFEF /* city_only_name.json */ = {isa = PBXFileReference; fileEncoding = 4; lastKnownFileType = text.json; path = city_only_name.json; sourceTree = "<group>"; };
		CF18845B234F394800E1AFEF /* serachResults_none.json */ = {isa = PBXFileReference; fileEncoding = 4; lastKnownFileType = text.json; path = serachResults_none.json; sourceTree = "<group>"; };
		CF45826E234CD3C700F76327 /* worldweatheronline.app */ = {isa = PBXFileReference; explicitFileType = wrapper.application; includeInIndex = 0; path = worldweatheronline.app; sourceTree = BUILT_PRODUCTS_DIR; };
		CF458276234CD3C800F76327 /* Base */ = {isa = PBXFileReference; lastKnownFileType = file.storyboard; name = Base; path = Base.lproj/Main.storyboard; sourceTree = "<group>"; };
		CF458278234CD3CE00F76327 /* Assets.xcassets */ = {isa = PBXFileReference; lastKnownFileType = folder.assetcatalog; path = Assets.xcassets; sourceTree = "<group>"; };
		CF45827B234CD3CE00F76327 /* Base */ = {isa = PBXFileReference; lastKnownFileType = file.storyboard; name = Base; path = Base.lproj/LaunchScreen.storyboard; sourceTree = "<group>"; };
		CF45827D234CD3CE00F76327 /* Info.plist */ = {isa = PBXFileReference; lastKnownFileType = text.plist.xml; path = Info.plist; sourceTree = "<group>"; };
		CF458282234CD3CE00F76327 /* worldweatheronlineTests.xctest */ = {isa = PBXFileReference; explicitFileType = wrapper.cfbundle; includeInIndex = 0; path = worldweatheronlineTests.xctest; sourceTree = BUILT_PRODUCTS_DIR; };
		CF458286234CD3CE00F76327 /* CityTests.swift */ = {isa = PBXFileReference; lastKnownFileType = sourcecode.swift; path = CityTests.swift; sourceTree = "<group>"; };
		CF458288234CD3CE00F76327 /* Info.plist */ = {isa = PBXFileReference; lastKnownFileType = text.plist.xml; path = Info.plist; sourceTree = "<group>"; };
		CF45828D234CD3CE00F76327 /* worldweatheronlineUITests.xctest */ = {isa = PBXFileReference; explicitFileType = wrapper.cfbundle; includeInIndex = 0; path = worldweatheronlineUITests.xctest; sourceTree = BUILT_PRODUCTS_DIR; };
		CF458291234CD3CE00F76327 /* worldweatheronlineUITests.swift */ = {isa = PBXFileReference; lastKnownFileType = sourcecode.swift; path = worldweatheronlineUITests.swift; sourceTree = "<group>"; };
		CF458293234CD3CE00F76327 /* Info.plist */ = {isa = PBXFileReference; lastKnownFileType = text.plist.xml; path = Info.plist; sourceTree = "<group>"; };
/* End PBXFileReference section */

/* Begin PBXFrameworksBuildPhase section */
		CF45826B234CD3C700F76327 /* Frameworks */ = {
			isa = PBXFrameworksBuildPhase;
			buildActionMask = 2147483647;
			files = (
			);
			runOnlyForDeploymentPostprocessing = 0;
		};
		CF45827F234CD3CE00F76327 /* Frameworks */ = {
			isa = PBXFrameworksBuildPhase;
			buildActionMask = 2147483647;
			files = (
			);
			runOnlyForDeploymentPostprocessing = 0;
		};
		CF45828A234CD3CE00F76327 /* Frameworks */ = {
			isa = PBXFrameworksBuildPhase;
			buildActionMask = 2147483647;
			files = (
			);
			runOnlyForDeploymentPostprocessing = 0;
		};
/* End PBXFrameworksBuildPhase section */

/* Begin PBXGroup section */
		CF188434234F10A500E1AFEF /* Classes */ = {
			isa = PBXGroup;
			children = (
				CF18843E234F10C300E1AFEF /* AppDelegate.swift */,
				CF18843D234F10C300E1AFEF /* ViewController.swift */,
				CF18844B234F2E0500E1AFEF /* Constants */,
				CF188435234F10A500E1AFEF /* Server */,
				CF188439234F10A500E1AFEF /* Model */,
			);
			path = Classes;
			sourceTree = "<group>";
		};
		CF188435234F10A500E1AFEF /* Server */ = {
			isa = PBXGroup;
			children = (
				CF188436234F10A500E1AFEF /* NetworkIndicator.swift */,
				CF188437234F10A500E1AFEF /* ServerManager.swift */,
				CF188438234F10A500E1AFEF /* HTTPOperation.swift */,
			);
			path = Server;
			sourceTree = "<group>";
		};
		CF188439234F10A500E1AFEF /* Model */ = {
			isa = PBXGroup;
			children = (
				CF188441234F10F000E1AFEF /* City.swift */,
				CF188447234F1F9000E1AFEF /* SerachResult.swift */,
			);
			path = Model;
			sourceTree = "<group>";
		};
		CF18844B234F2E0500E1AFEF /* Constants */ = {
			isa = PBXGroup;
			children = (
			);
			path = Constants;
			sourceTree = "<group>";
		};
		CF18844C234F2E9A00E1AFEF /* stubData */ = {
			isa = PBXGroup;
			children = (
				CF18845B234F394800E1AFEF /* serachResults_none.json */,
				CF188459234F363600E1AFEF /* city_only_name.json */,
				CF188457234F344600E1AFEF /* serachResults_empty.json */,
				CF188455234F301200E1AFEF /* city_invalid.json */,
				CF188453234F2EEB00E1AFEF /* city_no_name.json */,
				CF18844D234F2E9A00E1AFEF /* city.json */,
				CF18844E234F2E9B00E1AFEF /* cityList.json */,
				CF18844F234F2E9B00E1AFEF /* serachResults.json */,
			);
			path = stubData;
			sourceTree = "<group>";
		};
		CF458265234CD3C700F76327 = {
			isa = PBXGroup;
			children = (
				CF458270234CD3C700F76327 /* worldweatheronline */,
				CF458285234CD3CE00F76327 /* worldweatheronlineTests */,
				CF458290234CD3CE00F76327 /* worldweatheronlineUITests */,
				CF45826F234CD3C700F76327 /* Products */,
			);
			sourceTree = "<group>";
		};
		CF45826F234CD3C700F76327 /* Products */ = {
			isa = PBXGroup;
			children = (
				CF45826E234CD3C700F76327 /* worldweatheronline.app */,
				CF458282234CD3CE00F76327 /* worldweatheronlineTests.xctest */,
				CF45828D234CD3CE00F76327 /* worldweatheronlineUITests.xctest */,
			);
			name = Products;
			sourceTree = "<group>";
		};
		CF458270234CD3C700F76327 /* worldweatheronline */ = {
			isa = PBXGroup;
			children = (
				CF188434234F10A500E1AFEF /* Classes */,
				CF458275234CD3C800F76327 /* Main.storyboard */,
				CF458278234CD3CE00F76327 /* Assets.xcassets */,
				CF45827A234CD3CE00F76327 /* LaunchScreen.storyboard */,
				CF45827D234CD3CE00F76327 /* Info.plist */,
			);
			path = worldweatheronline;
			sourceTree = "<group>";
		};
		CF458285234CD3CE00F76327 /* worldweatheronlineTests */ = {
			isa = PBXGroup;
			children = (
				CF18844C234F2E9A00E1AFEF /* stubData */,
				CF458286234CD3CE00F76327 /* CityTests.swift */,
				CF188432234E1C9800E1AFEF /* HTTPOperationTest.swift */,
				CF458288234CD3CE00F76327 /* Info.plist */,
				CF188449234F2B7A00E1AFEF /* Bundle+StubData.swift */,
			);
			path = worldweatheronlineTests;
			sourceTree = "<group>";
		};
		CF458290234CD3CE00F76327 /* worldweatheronlineUITests */ = {
			isa = PBXGroup;
			children = (
				CF458291234CD3CE00F76327 /* worldweatheronlineUITests.swift */,
				CF458293234CD3CE00F76327 /* Info.plist */,
			);
			path = worldweatheronlineUITests;
			sourceTree = "<group>";
		};
/* End PBXGroup section */

/* Begin PBXNativeTarget section */
		CF45826D234CD3C700F76327 /* worldweatheronline */ = {
			isa = PBXNativeTarget;
			buildConfigurationList = CF458296234CD3CE00F76327 /* Build configuration list for PBXNativeTarget "worldweatheronline" */;
			buildPhases = (
				CF45826A234CD3C700F76327 /* Sources */,
				CF45826B234CD3C700F76327 /* Frameworks */,
				CF45826C234CD3C700F76327 /* Resources */,
			);
			buildRules = (
			);
			dependencies = (
			);
			name = worldweatheronline;
			productName = worldweatheronline;
			productReference = CF45826E234CD3C700F76327 /* worldweatheronline.app */;
			productType = "com.apple.product-type.application";
		};
		CF458281234CD3CE00F76327 /* worldweatheronlineTests */ = {
			isa = PBXNativeTarget;
			buildConfigurationList = CF458299234CD3CE00F76327 /* Build configuration list for PBXNativeTarget "worldweatheronlineTests" */;
			buildPhases = (
				CF45827E234CD3CE00F76327 /* Sources */,
				CF45827F234CD3CE00F76327 /* Frameworks */,
				CF458280234CD3CE00F76327 /* Resources */,
			);
			buildRules = (
			);
			dependencies = (
				CF458284234CD3CE00F76327 /* PBXTargetDependency */,
			);
			name = worldweatheronlineTests;
			productName = worldweatheronlineTests;
			productReference = CF458282234CD3CE00F76327 /* worldweatheronlineTests.xctest */;
			productType = "com.apple.product-type.bundle.unit-test";
		};
		CF45828C234CD3CE00F76327 /* worldweatheronlineUITests */ = {
			isa = PBXNativeTarget;
			buildConfigurationList = CF45829C234CD3CE00F76327 /* Build configuration list for PBXNativeTarget "worldweatheronlineUITests" */;
			buildPhases = (
				CF458289234CD3CE00F76327 /* Sources */,
				CF45828A234CD3CE00F76327 /* Frameworks */,
				CF45828B234CD3CE00F76327 /* Resources */,
			);
			buildRules = (
			);
			dependencies = (
				CF45828F234CD3CE00F76327 /* PBXTargetDependency */,
			);
			name = worldweatheronlineUITests;
			productName = worldweatheronlineUITests;
			productReference = CF45828D234CD3CE00F76327 /* worldweatheronlineUITests.xctest */;
			productType = "com.apple.product-type.bundle.ui-testing";
		};
/* End PBXNativeTarget section */

/* Begin PBXProject section */
		CF458266234CD3C700F76327 /* Project object */ = {
			isa = PBXProject;
			attributes = {
				LastSwiftUpdateCheck = 1030;
				LastUpgradeCheck = 1030;
				ORGANIZATIONNAME = "Anshul Jain";
				TargetAttributes = {
					CF45826D234CD3C700F76327 = {
						CreatedOnToolsVersion = 10.3;
					};
					CF458281234CD3CE00F76327 = {
						CreatedOnToolsVersion = 10.3;
						TestTargetID = CF45826D234CD3C700F76327;
					};
					CF45828C234CD3CE00F76327 = {
						CreatedOnToolsVersion = 10.3;
						TestTargetID = CF45826D234CD3C700F76327;
					};
				};
			};
			buildConfigurationList = CF458269234CD3C700F76327 /* Build configuration list for PBXProject "worldweatheronline" */;
			compatibilityVersion = "Xcode 9.3";
			developmentRegion = en;
			hasScannedForEncodings = 0;
			knownRegions = (
				en,
				Base,
			);
			mainGroup = CF458265234CD3C700F76327;
			productRefGroup = CF45826F234CD3C700F76327 /* Products */;
			projectDirPath = "";
			projectRoot = "";
			targets = (
				CF45826D234CD3C700F76327 /* worldweatheronline */,
				CF458281234CD3CE00F76327 /* worldweatheronlineTests */,
				CF45828C234CD3CE00F76327 /* worldweatheronlineUITests */,
			);
		};
/* End PBXProject section */

/* Begin PBXResourcesBuildPhase section */
		CF45826C234CD3C700F76327 /* Resources */ = {
			isa = PBXResourcesBuildPhase;
			buildActionMask = 2147483647;
			files = (
				CF45827C234CD3CE00F76327 /* LaunchScreen.storyboard in Resources */,
				CF458279234CD3CE00F76327 /* Assets.xcassets in Resources */,
				CF458277234CD3C800F76327 /* Main.storyboard in Resources */,
			);
			runOnlyForDeploymentPostprocessing = 0;
		};
		CF458280234CD3CE00F76327 /* Resources */ = {
			isa = PBXResourcesBuildPhase;
			buildActionMask = 2147483647;
			files = (
				CF188451234F2E9B00E1AFEF /* cityList.json in Resources */,
				CF18845A234F363600E1AFEF /* city_only_name.json in Resources */,
				CF188456234F301200E1AFEF /* city_invalid.json in Resources */,
				CF188452234F2E9B00E1AFEF /* serachResults.json in Resources */,
				CF188454234F2EEB00E1AFEF /* city_no_name.json in Resources */,
				CF188458234F344600E1AFEF /* serachResults_empty.json in Resources */,
				CF18845C234F394800E1AFEF /* serachResults_none.json in Resources */,
				CF188450234F2E9B00E1AFEF /* city.json in Resources */,
			);
			runOnlyForDeploymentPostprocessing = 0;
		};
		CF45828B234CD3CE00F76327 /* Resources */ = {
			isa = PBXResourcesBuildPhase;
			buildActionMask = 2147483647;
			files = (
			);
			runOnlyForDeploymentPostprocessing = 0;
		};
/* End PBXResourcesBuildPhase section */

/* Begin PBXSourcesBuildPhase section */
		CF45826A234CD3C700F76327 /* Sources */ = {
			isa = PBXSourcesBuildPhase;
			buildActionMask = 2147483647;
			files = (
				CF18843B234F10A500E1AFEF /* ServerManager.swift in Sources */,
				CF18843A234F10A500E1AFEF /* NetworkIndicator.swift in Sources */,
				CF188442234F10F100E1AFEF /* City.swift in Sources */,
				CF18843F234F10C300E1AFEF /* ViewController.swift in Sources */,
				CF188440234F10C300E1AFEF /* AppDelegate.swift in Sources */,
				CF18843C234F10A500E1AFEF /* HTTPOperation.swift in Sources */,
				CF188448234F1F9000E1AFEF /* SerachResult.swift in Sources */,
			);
			runOnlyForDeploymentPostprocessing = 0;
		};
		CF45827E234CD3CE00F76327 /* Sources */ = {
			isa = PBXSourcesBuildPhase;
			buildActionMask = 2147483647;
			files = (
				CF458287234CD3CE00F76327 /* CityTests.swift in Sources */,
				CF18844A234F2B7A00E1AFEF /* Bundle+StubData.swift in Sources */,
				CF188433234E1C9800E1AFEF /* HTTPOperationTest.swift in Sources */,
			);
			runOnlyForDeploymentPostprocessing = 0;
		};
		CF458289234CD3CE00F76327 /* Sources */ = {
			isa = PBXSourcesBuildPhase;
			buildActionMask = 2147483647;
			files = (
				CF458292234CD3CE00F76327 /* worldweatheronlineUITests.swift in Sources */,
			);
			runOnlyForDeploymentPostprocessing = 0;
		};
/* End PBXSourcesBuildPhase section */

/* Begin PBXTargetDependency section */
		CF458284234CD3CE00F76327 /* PBXTargetDependency */ = {
			isa = PBXTargetDependency;
			target = CF45826D234CD3C700F76327 /* worldweatheronline */;
			targetProxy = CF458283234CD3CE00F76327 /* PBXContainerItemProxy */;
		};
		CF45828F234CD3CE00F76327 /* PBXTargetDependency */ = {
			isa = PBXTargetDependency;
			target = CF45826D234CD3C700F76327 /* worldweatheronline */;
			targetProxy = CF45828E234CD3CE00F76327 /* PBXContainerItemProxy */;
		};
/* End PBXTargetDependency section */

/* Begin PBXVariantGroup section */
		CF458275234CD3C800F76327 /* Main.storyboard */ = {
			isa = PBXVariantGroup;
			children = (
				CF458276234CD3C800F76327 /* Base */,
			);
			name = Main.storyboard;
			sourceTree = "<group>";
		};
		CF45827A234CD3CE00F76327 /* LaunchScreen.storyboard */ = {
			isa = PBXVariantGroup;
			children = (
				CF45827B234CD3CE00F76327 /* Base */,
			);
			name = LaunchScreen.storyboard;
			sourceTree = "<group>";
		};
/* End PBXVariantGroup section */

/* Begin XCBuildConfiguration section */
		CF458294234CD3CE00F76327 /* Debug */ = {
			isa = XCBuildConfiguration;
			buildSettings = {
				ALWAYS_SEARCH_USER_PATHS = NO;
				CLANG_ANALYZER_NONNULL = YES;
				CLANG_ANALYZER_NUMBER_OBJECT_CONVERSION = YES_AGGRESSIVE;
				CLANG_CXX_LANGUAGE_STANDARD = "gnu++14";
				CLANG_CXX_LIBRARY = "libc++";
				CLANG_ENABLE_MODULES = YES;
				CLANG_ENABLE_OBJC_ARC = YES;
				CLANG_ENABLE_OBJC_WEAK = YES;
				CLANG_WARN_BLOCK_CAPTURE_AUTORELEASING = YES;
				CLANG_WARN_BOOL_CONVERSION = YES;
				CLANG_WARN_COMMA = YES;
				CLANG_WARN_CONSTANT_CONVERSION = YES;
				CLANG_WARN_DEPRECATED_OBJC_IMPLEMENTATIONS = YES;
				CLANG_WARN_DIRECT_OBJC_ISA_USAGE = YES_ERROR;
				CLANG_WARN_DOCUMENTATION_COMMENTS = YES;
				CLANG_WARN_EMPTY_BODY = YES;
				CLANG_WARN_ENUM_CONVERSION = YES;
				CLANG_WARN_INFINITE_RECURSION = YES;
				CLANG_WARN_INT_CONVERSION = YES;
				CLANG_WARN_NON_LITERAL_NULL_CONVERSION = YES;
				CLANG_WARN_OBJC_IMPLICIT_RETAIN_SELF = YES;
				CLANG_WARN_OBJC_LITERAL_CONVERSION = YES;
				CLANG_WARN_OBJC_ROOT_CLASS = YES_ERROR;
				CLANG_WARN_RANGE_LOOP_ANALYSIS = YES;
				CLANG_WARN_STRICT_PROTOTYPES = YES;
				CLANG_WARN_SUSPICIOUS_MOVE = YES;
				CLANG_WARN_UNGUARDED_AVAILABILITY = YES_AGGRESSIVE;
				CLANG_WARN_UNREACHABLE_CODE = YES;
				CLANG_WARN__DUPLICATE_METHOD_MATCH = YES;
				CODE_SIGN_IDENTITY = "iPhone Developer";
				COPY_PHASE_STRIP = NO;
				DEBUG_INFORMATION_FORMAT = dwarf;
				ENABLE_STRICT_OBJC_MSGSEND = YES;
				ENABLE_TESTABILITY = YES;
				GCC_C_LANGUAGE_STANDARD = gnu11;
				GCC_DYNAMIC_NO_PIC = NO;
				GCC_NO_COMMON_BLOCKS = YES;
				GCC_OPTIMIZATION_LEVEL = 0;
				GCC_PREPROCESSOR_DEFINITIONS = (
					"DEBUG=1",
					"$(inherited)",
				);
				GCC_WARN_64_TO_32_BIT_CONVERSION = YES;
				GCC_WARN_ABOUT_RETURN_TYPE = YES_ERROR;
				GCC_WARN_UNDECLARED_SELECTOR = YES;
				GCC_WARN_UNINITIALIZED_AUTOS = YES_AGGRESSIVE;
				GCC_WARN_UNUSED_FUNCTION = YES;
				GCC_WARN_UNUSED_VARIABLE = YES;
				IPHONEOS_DEPLOYMENT_TARGET = 12.4;
				MTL_ENABLE_DEBUG_INFO = INCLUDE_SOURCE;
				MTL_FAST_MATH = YES;
				ONLY_ACTIVE_ARCH = YES;
				SDKROOT = iphoneos;
				SWIFT_ACTIVE_COMPILATION_CONDITIONS = DEBUG;
				SWIFT_OPTIMIZATION_LEVEL = "-Onone";
			};
			name = Debug;
		};
		CF458295234CD3CE00F76327 /* Release */ = {
			isa = XCBuildConfiguration;
			buildSettings = {
				ALWAYS_SEARCH_USER_PATHS = NO;
				CLANG_ANALYZER_NONNULL = YES;
				CLANG_ANALYZER_NUMBER_OBJECT_CONVERSION = YES_AGGRESSIVE;
				CLANG_CXX_LANGUAGE_STANDARD = "gnu++14";
				CLANG_CXX_LIBRARY = "libc++";
				CLANG_ENABLE_MODULES = YES;
				CLANG_ENABLE_OBJC_ARC = YES;
				CLANG_ENABLE_OBJC_WEAK = YES;
				CLANG_WARN_BLOCK_CAPTURE_AUTORELEASING = YES;
				CLANG_WARN_BOOL_CONVERSION = YES;
				CLANG_WARN_COMMA = YES;
				CLANG_WARN_CONSTANT_CONVERSION = YES;
				CLANG_WARN_DEPRECATED_OBJC_IMPLEMENTATIONS = YES;
				CLANG_WARN_DIRECT_OBJC_ISA_USAGE = YES_ERROR;
				CLANG_WARN_DOCUMENTATION_COMMENTS = YES;
				CLANG_WARN_EMPTY_BODY = YES;
				CLANG_WARN_ENUM_CONVERSION = YES;
				CLANG_WARN_INFINITE_RECURSION = YES;
				CLANG_WARN_INT_CONVERSION = YES;
				CLANG_WARN_NON_LITERAL_NULL_CONVERSION = YES;
				CLANG_WARN_OBJC_IMPLICIT_RETAIN_SELF = YES;
				CLANG_WARN_OBJC_LITERAL_CONVERSION = YES;
				CLANG_WARN_OBJC_ROOT_CLASS = YES_ERROR;
				CLANG_WARN_RANGE_LOOP_ANALYSIS = YES;
				CLANG_WARN_STRICT_PROTOTYPES = YES;
				CLANG_WARN_SUSPICIOUS_MOVE = YES;
				CLANG_WARN_UNGUARDED_AVAILABILITY = YES_AGGRESSIVE;
				CLANG_WARN_UNREACHABLE_CODE = YES;
				CLANG_WARN__DUPLICATE_METHOD_MATCH = YES;
				CODE_SIGN_IDENTITY = "iPhone Developer";
				COPY_PHASE_STRIP = NO;
				DEBUG_INFORMATION_FORMAT = "dwarf-with-dsym";
				ENABLE_NS_ASSERTIONS = NO;
				ENABLE_STRICT_OBJC_MSGSEND = YES;
				GCC_C_LANGUAGE_STANDARD = gnu11;
				GCC_NO_COMMON_BLOCKS = YES;
				GCC_WARN_64_TO_32_BIT_CONVERSION = YES;
				GCC_WARN_ABOUT_RETURN_TYPE = YES_ERROR;
				GCC_WARN_UNDECLARED_SELECTOR = YES;
				GCC_WARN_UNINITIALIZED_AUTOS = YES_AGGRESSIVE;
				GCC_WARN_UNUSED_FUNCTION = YES;
				GCC_WARN_UNUSED_VARIABLE = YES;
				IPHONEOS_DEPLOYMENT_TARGET = 12.4;
				MTL_ENABLE_DEBUG_INFO = NO;
				MTL_FAST_MATH = YES;
				SDKROOT = iphoneos;
				SWIFT_COMPILATION_MODE = wholemodule;
				SWIFT_OPTIMIZATION_LEVEL = "-O";
				VALIDATE_PRODUCT = YES;
			};
			name = Release;
		};
		CF458297234CD3CE00F76327 /* Debug */ = {
			isa = XCBuildConfiguration;
			buildSettings = {
				ASSETCATALOG_COMPILER_APPICON_NAME = AppIcon;
				CODE_SIGN_STYLE = Automatic;
				DEVELOPMENT_TEAM = 36G8GTT3GF;
				INFOPLIST_FILE = worldweatheronline/Info.plist;
				IPHONEOS_DEPLOYMENT_TARGET = 12.0;
				LD_RUNPATH_SEARCH_PATHS = (
					"$(inherited)",
					"@executable_path/Frameworks",
				);
				PRODUCT_BUNDLE_IDENTIFIER = com.anshul.worldweatheronline;
				PRODUCT_NAME = "$(TARGET_NAME)";
				SWIFT_VERSION = 5.0;
				TARGETED_DEVICE_FAMILY = "1,2";
			};
			name = Debug;
		};
		CF458298234CD3CE00F76327 /* Release */ = {
			isa = XCBuildConfiguration;
			buildSettings = {
				ASSETCATALOG_COMPILER_APPICON_NAME = AppIcon;
				CODE_SIGN_STYLE = Automatic;
				DEVELOPMENT_TEAM = 36G8GTT3GF;
				INFOPLIST_FILE = worldweatheronline/Info.plist;
				IPHONEOS_DEPLOYMENT_TARGET = 12.0;
				LD_RUNPATH_SEARCH_PATHS = (
					"$(inherited)",
					"@executable_path/Frameworks",
				);
				PRODUCT_BUNDLE_IDENTIFIER = com.anshul.worldweatheronline;
				PRODUCT_NAME = "$(TARGET_NAME)";
				SWIFT_VERSION = 5.0;
				TARGETED_DEVICE_FAMILY = "1,2";
			};
			name = Release;
		};
		CF45829A234CD3CE00F76327 /* Debug */ = {
			isa = XCBuildConfiguration;
			buildSettings = {
				ALWAYS_EMBED_SWIFT_STANDARD_LIBRARIES = YES;
				BUNDLE_LOADER = "$(TEST_HOST)";
				CODE_SIGN_STYLE = Automatic;
				DEVELOPMENT_TEAM = 36G8GTT3GF;
				INFOPLIST_FILE = worldweatheronlineTests/Info.plist;
				LD_RUNPATH_SEARCH_PATHS = (
					"$(inherited)",
					"@executable_path/Frameworks",
					"@loader_path/Frameworks",
				);
				PRODUCT_BUNDLE_IDENTIFIER = com.anshul.worldweatheronlineTests;
				PRODUCT_NAME = "$(TARGET_NAME)";
				SWIFT_VERSION = 5.0;
				TARGETED_DEVICE_FAMILY = "1,2";
				TEST_HOST = "$(BUILT_PRODUCTS_DIR)/worldweatheronline.app/worldweatheronline";
			};
			name = Debug;
		};
		CF45829B234CD3CE00F76327 /* Release */ = {
			isa = XCBuildConfiguration;
			buildSettings = {
				ALWAYS_EMBED_SWIFT_STANDARD_LIBRARIES = YES;
				BUNDLE_LOADER = "$(TEST_HOST)";
				CODE_SIGN_STYLE = Automatic;
				DEVELOPMENT_TEAM = 36G8GTT3GF;
				INFOPLIST_FILE = worldweatheronlineTests/Info.plist;
				LD_RUNPATH_SEARCH_PATHS = (
					"$(inherited)",
					"@executable_path/Frameworks",
					"@loader_path/Frameworks",
				);
				PRODUCT_BUNDLE_IDENTIFIER = com.anshul.worldweatheronlineTests;
				PRODUCT_NAME = "$(TARGET_NAME)";
				SWIFT_VERSION = 5.0;
				TARGETED_DEVICE_FAMILY = "1,2";
				TEST_HOST = "$(BUILT_PRODUCTS_DIR)/worldweatheronline.app/worldweatheronline";
			};
			name = Release;
		};
		CF45829D234CD3CE00F76327 /* Debug */ = {
			isa = XCBuildConfiguration;
			buildSettings = {
				ALWAYS_EMBED_SWIFT_STANDARD_LIBRARIES = YES;
				CODE_SIGN_STYLE = Automatic;
				DEVELOPMENT_TEAM = 36G8GTT3GF;
				INFOPLIST_FILE = worldweatheronlineUITests/Info.plist;
				LD_RUNPATH_SEARCH_PATHS = (
					"$(inherited)",
					"@executable_path/Frameworks",
					"@loader_path/Frameworks",
				);
				PRODUCT_BUNDLE_IDENTIFIER = com.anshul.worldweatheronlineUITests;
				PRODUCT_NAME = "$(TARGET_NAME)";
				SWIFT_VERSION = 5.0;
				TARGETED_DEVICE_FAMILY = "1,2";
				TEST_TARGET_NAME = worldweatheronline;
			};
			name = Debug;
		};
		CF45829E234CD3CE00F76327 /* Release */ = {
			isa = XCBuildConfiguration;
			buildSettings = {
				ALWAYS_EMBED_SWIFT_STANDARD_LIBRARIES = YES;
				CODE_SIGN_STYLE = Automatic;
				DEVELOPMENT_TEAM = 36G8GTT3GF;
				INFOPLIST_FILE = worldweatheronlineUITests/Info.plist;
				LD_RUNPATH_SEARCH_PATHS = (
					"$(inherited)",
					"@executable_path/Frameworks",
					"@loader_path/Frameworks",
				);
				PRODUCT_BUNDLE_IDENTIFIER = com.anshul.worldweatheronlineUITests;
				PRODUCT_NAME = "$(TARGET_NAME)";
				SWIFT_VERSION = 5.0;
				TARGETED_DEVICE_FAMILY = "1,2";
				TEST_TARGET_NAME = worldweatheronline;
			};
			name = Release;
		};
/* End XCBuildConfiguration section */

/* Begin XCConfigurationList section */
		CF458269234CD3C700F76327 /* Build configuration list for PBXProject "worldweatheronline" */ = {
			isa = XCConfigurationList;
			buildConfigurations = (
				CF458294234CD3CE00F76327 /* Debug */,
				CF458295234CD3CE00F76327 /* Release */,
			);
			defaultConfigurationIsVisible = 0;
			defaultConfigurationName = Release;
		};
		CF458296234CD3CE00F76327 /* Build configuration list for PBXNativeTarget "worldweatheronline" */ = {
			isa = XCConfigurationList;
			buildConfigurations = (
				CF458297234CD3CE00F76327 /* Debug */,
				CF458298234CD3CE00F76327 /* Release */,
			);
			defaultConfigurationIsVisible = 0;
			defaultConfigurationName = Release;
		};
		CF458299234CD3CE00F76327 /* Build configuration list for PBXNativeTarget "worldweatheronlineTests" */ = {
			isa = XCConfigurationList;
			buildConfigurations = (
				CF45829A234CD3CE00F76327 /* Debug */,
				CF45829B234CD3CE00F76327 /* Release */,
			);
			defaultConfigurationIsVisible = 0;
			defaultConfigurationName = Release;
		};
		CF45829C234CD3CE00F76327 /* Build configuration list for PBXNativeTarget "worldweatheronlineUITests" */ = {
			isa = XCConfigurationList;
			buildConfigurations = (
				CF45829D234CD3CE00F76327 /* Debug */,
				CF45829E234CD3CE00F76327 /* Release */,
			);
			defaultConfigurationIsVisible = 0;
			defaultConfigurationName = Release;
		};
/* End XCConfigurationList section */
	};
	rootObject = CF458266234CD3C700F76327 /* Project object */;
}
